# Generated by buf. DO NOT EDIT.
version: v2
deps:
  - name: buf.build/envoyproxy/protoc-gen-validate
    commit: 71881f09a0c5420a9545a07987a86728
    digest: b5:e8a034a81f1d6218f712879269bedac768c9e39452d7a92f83d70923fcd6aa9eb02c81ff6ff337cd0dd9b9fe719d6c4459e655f662ae7112aaa1c2110992afd0
  - name: buf.build/googleapis/googleapis
    commit: 7a6bc1e3207144b38e9066861e1de0ff
    digest: b5:6d05bde5ed4cd22531d7ca6467feb828d2dc45cc9de12ce3345fbddd64ddb1bf0db756558c32ca49e6bc7de4426ada8960d5590e8446854b81f5f36f0916dc48
