dependencies:
- name: redis
  repository: https://charts.bitnami.com/bitnami
  version: 20.11.5
- name: postgresql
  repository: https://charts.bitnami.com/bitnami
  version: 16.6.3
- name: hydra
  repository: https://k8s.ory.sh/helm/charts
  version: 0.53.0
- name: ingress-nginx
  repository: https://kubernetes.github.io/ingress-nginx
  version: 4.12.1
- name: cert-manager
  repository: https://charts.jetstack.io
  version: v1.12.0
digest: sha256:befc72d9e6eedfe03a16a502fecb33478a4e8bc94acc2497d12b758405561f6e
generated: "2025-05-16T17:12:36.330502+02:00"
